
Microsoft Visual Studio Solution File, Format Version 12.00
# Visual Studio Version 17
VisualStudioVersion = 17.0.32014.148
MinimumVisualStudioVersion = 10.0.40219.1
Project("{2150E333-8FDC-42A3-9474-1A3956D46DE8}") = "Creational_Patterns", "Creational_Patterns", "{C6DC822E-1F2F-4A94-8F37-3AF8908C1AA4}"
EndProject
Project("{FAE04EC0-301F-11D3-BF4B-00C04F79EFBC}") = "Singleton_Design_Pattern1", "Creational_Patterns\Singleton_Design_Pattern1\Singleton_Design_Pattern1.csproj", "{014C2FF6-0216-4A60-BE85-146B96827A72}"
EndProject
Project("{FAE04EC0-301F-11D3-BF4B-00C04F79EFBC}") = "Factory_Method_Pattern", "Creational_Patterns\Factory_Method_Pattern\Factory_Method_Pattern.csproj", "{A7A2DDFA-8B51-44E6-8D42-81F53607FC12}"
EndProject
Project("{FAE04EC0-301F-11D3-BF4B-00C04F79EFBC}") = "Abstract_Factory_Pattern1", "Creational_Patterns\Abstract_Factory_Pattern1\Abstract_Factory_Pattern1.csproj", "{BD9929E7-2542-412B-964E-4F1ADDF77C13}"
EndProject
Project("{FAE04EC0-301F-11D3-BF4B-00C04F79EFBC}") = "Builder_Pattern", "Creational_Patterns\Builder_Pattern\Builder_Pattern.csproj", "{8D1F23BB-7F6B-4FC1-989D-54FC8811128A}"
EndProject
Project("{FAE04EC0-301F-11D3-BF4B-00C04F79EFBC}") = "Prototype_Pattern1", "Creational_Patterns\Prototype_Pattern1\Prototype_Pattern1.csproj", "{A4CE974B-0648-4791-A6D4-4FA222FEBB2E}"
EndProject
Project("{2150E333-8FDC-42A3-9474-1A3956D46DE8}") = "Structural_Patterns", "Structural_Patterns", "{6C684262-1DD3-4AF3-A6DE-7B3D2C2238C6}"
EndProject
Project("{FAE04EC0-301F-11D3-BF4B-00C04F79EFBC}") = "Adapter_Pattern", "Structural_Patterns\Adapter_Pattern\Adapter_Pattern.csproj", "{65667A9F-744F-4439-A5D6-FFEEFB86AF8E}"
EndProject
Project("{FAE04EC0-301F-11D3-BF4B-00C04F79EFBC}") = "Bridge_Pattern", "Structural_Patterns\Bridge_Pattern\Bridge_Pattern.csproj", "{6B8616CF-EC7F-4902-B8B4-E991823D7125}"
EndProject
Project("{FAE04EC0-301F-11D3-BF4B-00C04F79EFBC}") = "Decorator_Pattern", "Structural_Patterns\Decorator_Pattern\Decorator_Pattern.csproj", "{E8F3B22C-A0B7-436A-A925-9F1B49DFC9A0}"
EndProject
Project("{FAE04EC0-301F-11D3-BF4B-00C04F79EFBC}") = "Composite__Pattern", "Structural_Patterns\Composite__Pattern\Composite__Pattern.csproj", "{7BC5D240-DC8C-4411-B1C2-DB6790AC4A8E}"
EndProject
Project("{FAE04EC0-301F-11D3-BF4B-00C04F79EFBC}") = "Proxy_Design_Pattern", "Structural_Patterns\Proxy_Design_Pattern\Proxy_Design_Pattern.csproj", "{9E9F30FE-A59C-47F8-AB82-58F4F61D7115}"
EndProject
Project("{FAE04EC0-301F-11D3-BF4B-00C04F79EFBC}") = "Facade__Pattern", "Structural_Patterns\Facade__Pattern\Facade__Pattern.csproj", "{D613964F-0DAC-49B6-B1AC-87E7BD6A24AE}"
EndProject
Project("{FAE04EC0-301F-11D3-BF4B-00C04F79EFBC}") = "Flyweight_Design_Pattern", "Structural_Patterns\Flyweight_Design_Pattern\Flyweight_Design_Pattern.csproj", "{F15453CE-D426-4AFA-9576-97C3CE12F27B}"
EndProject
Project("{2150E333-8FDC-42A3-9474-1A3956D46DE8}") = "Behavioral_Patterns", "Behavioral_Patterns", "{10745606-4276-4495-9FCF-AE66FC290967}"
EndProject
Project("{FAE04EC0-301F-11D3-BF4B-00C04F79EFBC}") = "Chain_of_Responsibility", "Behavioral_Patterns\Chain_of_Responsibility\Chain_of_Responsibility.csproj", "{D750481A-84E7-449F-BCA6-89E4A5F0B00C}"
EndProject
Global
	GlobalSection(SolutionConfigurationPlatforms) = preSolution
		Debug|Any CPU = Debug|Any CPU
		Release|Any CPU = Release|Any CPU
	EndGlobalSection
	GlobalSection(ProjectConfigurationPlatforms) = postSolution
		{014C2FF6-0216-4A60-BE85-146B96827A72}.Debug|Any CPU.ActiveCfg = Debug|Any CPU
		{014C2FF6-0216-4A60-BE85-146B96827A72}.Debug|Any CPU.Build.0 = Debug|Any CPU
		{014C2FF6-0216-4A60-BE85-146B96827A72}.Release|Any CPU.ActiveCfg = Release|Any CPU
		{014C2FF6-0216-4A60-BE85-146B96827A72}.Release|Any CPU.Build.0 = Release|Any CPU
		{A7A2DDFA-8B51-44E6-8D42-81F53607FC12}.Debug|Any CPU.ActiveCfg = Debug|Any CPU
		{A7A2DDFA-8B51-44E6-8D42-81F53607FC12}.Debug|Any CPU.Build.0 = Debug|Any CPU
		{A7A2DDFA-8B51-44E6-8D42-81F53607FC12}.Release|Any CPU.ActiveCfg = Release|Any CPU
		{A7A2DDFA-8B51-44E6-8D42-81F53607FC12}.Release|Any CPU.Build.0 = Release|Any CPU
		{BD9929E7-2542-412B-964E-4F1ADDF77C13}.Debug|Any CPU.ActiveCfg = Debug|Any CPU
		{BD9929E7-2542-412B-964E-4F1ADDF77C13}.Debug|Any CPU.Build.0 = Debug|Any CPU
		{BD9929E7-2542-412B-964E-4F1ADDF77C13}.Release|Any CPU.ActiveCfg = Release|Any CPU
		{BD9929E7-2542-412B-964E-4F1ADDF77C13}.Release|Any CPU.Build.0 = Release|Any CPU
		{8D1F23BB-7F6B-4FC1-989D-54FC8811128A}.Debug|Any CPU.ActiveCfg = Debug|Any CPU
		{8D1F23BB-7F6B-4FC1-989D-54FC8811128A}.Debug|Any CPU.Build.0 = Debug|Any CPU
		{8D1F23BB-7F6B-4FC1-989D-54FC8811128A}.Release|Any CPU.ActiveCfg = Release|Any CPU
		{8D1F23BB-7F6B-4FC1-989D-54FC8811128A}.Release|Any CPU.Build.0 = Release|Any CPU
		{A4CE974B-0648-4791-A6D4-4FA222FEBB2E}.Debug|Any CPU.ActiveCfg = Debug|Any CPU
		{A4CE974B-0648-4791-A6D4-4FA222FEBB2E}.Debug|Any CPU.Build.0 = Debug|Any CPU
		{A4CE974B-0648-4791-A6D4-4FA222FEBB2E}.Release|Any CPU.ActiveCfg = Release|Any CPU
		{A4CE974B-0648-4791-A6D4-4FA222FEBB2E}.Release|Any CPU.Build.0 = Release|Any CPU
		{65667A9F-744F-4439-A5D6-FFEEFB86AF8E}.Debug|Any CPU.ActiveCfg = Debug|Any CPU
		{65667A9F-744F-4439-A5D6-FFEEFB86AF8E}.Debug|Any CPU.Build.0 = Debug|Any CPU
		{65667A9F-744F-4439-A5D6-FFEEFB86AF8E}.Release|Any CPU.ActiveCfg = Release|Any CPU
		{65667A9F-744F-4439-A5D6-FFEEFB86AF8E}.Release|Any CPU.Build.0 = Release|Any CPU
		{6B8616CF-EC7F-4902-B8B4-E991823D7125}.Debug|Any CPU.ActiveCfg = Debug|Any CPU
		{6B8616CF-EC7F-4902-B8B4-E991823D7125}.Debug|Any CPU.Build.0 = Debug|Any CPU
		{6B8616CF-EC7F-4902-B8B4-E991823D7125}.Release|Any CPU.ActiveCfg = Release|Any CPU
		{6B8616CF-EC7F-4902-B8B4-E991823D7125}.Release|Any CPU.Build.0 = Release|Any CPU
		{E8F3B22C-A0B7-436A-A925-9F1B49DFC9A0}.Debug|Any CPU.ActiveCfg = Debug|Any CPU
		{E8F3B22C-A0B7-436A-A925-9F1B49DFC9A0}.Debug|Any CPU.Build.0 = Debug|Any CPU
		{E8F3B22C-A0B7-436A-A925-9F1B49DFC9A0}.Release|Any CPU.ActiveCfg = Release|Any CPU
		{E8F3B22C-A0B7-436A-A925-9F1B49DFC9A0}.Release|Any CPU.Build.0 = Release|Any CPU
		{7BC5D240-DC8C-4411-B1C2-DB6790AC4A8E}.Debug|Any CPU.ActiveCfg = Debug|Any CPU
		{7BC5D240-DC8C-4411-B1C2-DB6790AC4A8E}.Debug|Any CPU.Build.0 = Debug|Any CPU
		{7BC5D240-DC8C-4411-B1C2-DB6790AC4A8E}.Release|Any CPU.ActiveCfg = Release|Any CPU
		{7BC5D240-DC8C-4411-B1C2-DB6790AC4A8E}.Release|Any CPU.Build.0 = Release|Any CPU
		{9E9F30FE-A59C-47F8-AB82-58F4F61D7115}.Debug|Any CPU.ActiveCfg = Debug|Any CPU
		{9E9F30FE-A59C-47F8-AB82-58F4F61D7115}.Debug|Any CPU.Build.0 = Debug|Any CPU
		{9E9F30FE-A59C-47F8-AB82-58F4F61D7115}.Release|Any CPU.ActiveCfg = Release|Any CPU
		{9E9F30FE-A59C-47F8-AB82-58F4F61D7115}.Release|Any CPU.Build.0 = Release|Any CPU
		{D613964F-0DAC-49B6-B1AC-87E7BD6A24AE}.Debug|Any CPU.ActiveCfg = Debug|Any CPU
		{D613964F-0DAC-49B6-B1AC-87E7BD6A24AE}.Debug|Any CPU.Build.0 = Debug|Any CPU
		{D613964F-0DAC-49B6-B1AC-87E7BD6A24AE}.Release|Any CPU.ActiveCfg = Release|Any CPU
		{D613964F-0DAC-49B6-B1AC-87E7BD6A24AE}.Release|Any CPU.Build.0 = Release|Any CPU
		{F15453CE-D426-4AFA-9576-97C3CE12F27B}.Debug|Any CPU.ActiveCfg = Debug|Any CPU
		{F15453CE-D426-4AFA-9576-97C3CE12F27B}.Debug|Any CPU.Build.0 = Debug|Any CPU
		{F15453CE-D426-4AFA-9576-97C3CE12F27B}.Release|Any CPU.ActiveCfg = Release|Any CPU
		{F15453CE-D426-4AFA-9576-97C3CE12F27B}.Release|Any CPU.Build.0 = Release|Any CPU
		{D750481A-84E7-449F-BCA6-89E4A5F0B00C}.Debug|Any CPU.ActiveCfg = Debug|Any CPU
		{D750481A-84E7-449F-BCA6-89E4A5F0B00C}.Debug|Any CPU.Build.0 = Debug|Any CPU
		{D750481A-84E7-449F-BCA6-89E4A5F0B00C}.Release|Any CPU.ActiveCfg = Release|Any CPU
		{D750481A-84E7-449F-BCA6-89E4A5F0B00C}.Release|Any CPU.Build.0 = Release|Any CPU
	EndGlobalSection
	GlobalSection(SolutionProperties) = preSolution
		HideSolutionNode = FALSE
	EndGlobalSection
	GlobalSection(NestedProjects) = preSolution
		{014C2FF6-0216-4A60-BE85-146B96827A72} = {C6DC822E-1F2F-4A94-8F37-3AF8908C1AA4}
		{A7A2DDFA-8B51-44E6-8D42-81F53607FC12} = {C6DC822E-1F2F-4A94-8F37-3AF8908C1AA4}
		{BD9929E7-2542-412B-964E-4F1ADDF77C13} = {C6DC822E-1F2F-4A94-8F37-3AF8908C1AA4}
		{8D1F23BB-7F6B-4FC1-989D-54FC8811128A} = {C6DC822E-1F2F-4A94-8F37-3AF8908C1AA4}
		{A4CE974B-0648-4791-A6D4-4FA222FEBB2E} = {C6DC822E-1F2F-4A94-8F37-3AF8908C1AA4}
		{65667A9F-744F-4439-A5D6-FFEEFB86AF8E} = {6C684262-1DD3-4AF3-A6DE-7B3D2C2238C6}
		{6B8616CF-EC7F-4902-B8B4-E991823D7125} = {6C684262-1DD3-4AF3-A6DE-7B3D2C2238C6}
		{E8F3B22C-A0B7-436A-A925-9F1B49DFC9A0} = {6C684262-1DD3-4AF3-A6DE-7B3D2C2238C6}
		{7BC5D240-DC8C-4411-B1C2-DB6790AC4A8E} = {6C684262-1DD3-4AF3-A6DE-7B3D2C2238C6}
		{9E9F30FE-A59C-47F8-AB82-58F4F61D7115} = {6C684262-1DD3-4AF3-A6DE-7B3D2C2238C6}
		{D613964F-0DAC-49B6-B1AC-87E7BD6A24AE} = {6C684262-1DD3-4AF3-A6DE-7B3D2C2238C6}
		{F15453CE-D426-4AFA-9576-97C3CE12F27B} = {6C684262-1DD3-4AF3-A6DE-7B3D2C2238C6}
		{D750481A-84E7-449F-BCA6-89E4A5F0B00C} = {10745606-4276-4495-9FCF-AE66FC290967}
	EndGlobalSection
	GlobalSection(ExtensibilityGlobals) = postSolution
		SolutionGuid = {27914C2F-2242-4208-A01C-EEA1986870B6}
	EndGlobalSection
EndGlobal
