
Microsoft Visual Studio Solution File, Format Version 12.00
# Visual Studio Version 17
VisualStudioVersion = 17.0.32014.148
MinimumVisualStudioVersion = 10.0.40219.1
Project("{2150E333-8FDC-42A3-9474-1A3956D46DE8}") = "Creational_Patterns", "Creational_Patterns", "{C6DC822E-1F2F-4A94-8F37-3AF8908C1AA4}"
EndProject
Project("{FAE04EC0-301F-11D3-BF4B-00C04F79EFBC}") = "Singleton_Design_Pattern1", "Creational_Patterns\Singleton_Design_Pattern1\Singleton_Design_Pattern1.csproj", "{014C2FF6-0216-4A60-BE85-146B96827A72}"
EndProject
Project("{FAE04EC0-301F-11D3-BF4B-00C04F79EFBC}") = "Factory_Method_Pattern", "Creational_Patterns\Factory_Method_Pattern\Factory_Method_Pattern.csproj", "{A7A2DDFA-8B51-44E6-8D42-81F53607FC12}"
EndProject
Project("{FAE04EC0-301F-11D3-BF4B-00C04F79EFBC}") = "Abstract_Factory_Pattern1", "Creational_Patterns\Abstract_Factory_Pattern1\Abstract_Factory_Pattern1.csproj", "{BD9929E7-2542-412B-964E-4F1ADDF77C13}"
EndProject
Project("{FAE04EC0-301F-11D3-BF4B-00C04F79EFBC}") = "Builder_Pattern", "Creational_Patterns\Builder_Pattern\Builder_Pattern.csproj", "{8D1F23BB-7F6B-4FC1-989D-54FC8811128A}"
EndProject
Project("{FAE04EC0-301F-11D3-BF4B-00C04F79EFBC}") = "Prototype_Pattern1", "Creational_Patterns\Prototype_Pattern1\Prototype_Pattern1.csproj", "{A4CE974B-0648-4791-A6D4-4FA222FEBB2E}"
EndProject
Global
	GlobalSection(SolutionConfigurationPlatforms) = preSolution
		Debug|Any CPU = Debug|Any CPU
		Release|Any CPU = Release|Any CPU
	EndGlobalSection
	GlobalSection(ProjectConfigurationPlatforms) = postSolution
		{014C2FF6-0216-4A60-BE85-146B96827A72}.Debug|Any CPU.ActiveCfg = Debug|Any CPU
		{014C2FF6-0216-4A60-BE85-146B96827A72}.Debug|Any CPU.Build.0 = Debug|Any CPU
		{014C2FF6-0216-4A60-BE85-146B96827A72}.Release|Any CPU.ActiveCfg = Release|Any CPU
		{014C2FF6-0216-4A60-BE85-146B96827A72}.Release|Any CPU.Build.0 = Release|Any CPU
		{A7A2DDFA-8B51-44E6-8D42-81F53607FC12}.Debug|Any CPU.ActiveCfg = Debug|Any CPU
		{A7A2DDFA-8B51-44E6-8D42-81F53607FC12}.Debug|Any CPU.Build.0 = Debug|Any CPU
		{A7A2DDFA-8B51-44E6-8D42-81F53607FC12}.Release|Any CPU.ActiveCfg = Release|Any CPU
		{A7A2DDFA-8B51-44E6-8D42-81F53607FC12}.Release|Any CPU.Build.0 = Release|Any CPU
		{BD9929E7-2542-412B-964E-4F1ADDF77C13}.Debug|Any CPU.ActiveCfg = Debug|Any CPU
		{BD9929E7-2542-412B-964E-4F1ADDF77C13}.Debug|Any CPU.Build.0 = Debug|Any CPU
		{BD9929E7-2542-412B-964E-4F1ADDF77C13}.Release|Any CPU.ActiveCfg = Release|Any CPU
		{BD9929E7-2542-412B-964E-4F1ADDF77C13}.Release|Any CPU.Build.0 = Release|Any CPU
		{8D1F23BB-7F6B-4FC1-989D-54FC8811128A}.Debug|Any CPU.ActiveCfg = Debug|Any CPU
		{8D1F23BB-7F6B-4FC1-989D-54FC8811128A}.Debug|Any CPU.Build.0 = Debug|Any CPU
		{8D1F23BB-7F6B-4FC1-989D-54FC8811128A}.Release|Any CPU.ActiveCfg = Release|Any CPU
		{8D1F23BB-7F6B-4FC1-989D-54FC8811128A}.Release|Any CPU.Build.0 = Release|Any CPU
		{A4CE974B-0648-4791-A6D4-4FA222FEBB2E}.Debug|Any CPU.ActiveCfg = Debug|Any CPU
		{A4CE974B-0648-4791-A6D4-4FA222FEBB2E}.Debug|Any CPU.Build.0 = Debug|Any CPU
		{A4CE974B-0648-4791-A6D4-4FA222FEBB2E}.Release|Any CPU.ActiveCfg = Release|Any CPU
		{A4CE974B-0648-4791-A6D4-4FA222FEBB2E}.Release|Any CPU.Build.0 = Release|Any CPU
	EndGlobalSection
	GlobalSection(SolutionProperties) = preSolution
		HideSolutionNode = FALSE
	EndGlobalSection
	GlobalSection(NestedProjects) = preSolution
		{014C2FF6-0216-4A60-BE85-146B96827A72} = {C6DC822E-1F2F-4A94-8F37-3AF8908C1AA4}
		{A7A2DDFA-8B51-44E6-8D42-81F53607FC12} = {C6DC822E-1F2F-4A94-8F37-3AF8908C1AA4}
		{BD9929E7-2542-412B-964E-4F1ADDF77C13} = {C6DC822E-1F2F-4A94-8F37-3AF8908C1AA4}
		{8D1F23BB-7F6B-4FC1-989D-54FC8811128A} = {C6DC822E-1F2F-4A94-8F37-3AF8908C1AA4}
		{A4CE974B-0648-4791-A6D4-4FA222FEBB2E} = {C6DC822E-1F2F-4A94-8F37-3AF8908C1AA4}
	EndGlobalSection
	GlobalSection(ExtensibilityGlobals) = postSolution
		SolutionGuid = {27914C2F-2242-4208-A01C-EEA1986870B6}
	EndGlobalSection
EndGlobal
